// !$*UTF8*$!
{
	archiveVersion = 1;
	classes = {
	};
	objectVersion = 46;
	objects = {

/* Begin PBXBuildFile section */
		E978371C165CCF500040AEF6 /* UIKit.framework in Frameworks */ = {isa = PBXBuildFile; fileRef = E978371B165CCF4F0040AEF6 /* UIKit.framework */; };
		E978371E165CCF500040AEF6 /* Foundation.framework in Frameworks */ = {isa = PBXBuildFile; fileRef = E978371D165CCF500040AEF6 /* Foundation.framework */; };
		E9783720165CCF500040AEF6 /* CoreGraphics.framework in Frameworks */ = {isa = PBXBuildFile; fileRef = E978371F165CCF500040AEF6 /* CoreGraphics.framework */; };
		E9783726165CCF500040AEF6 /* InfoPlist.strings in Resources */ = {isa = PBXBuildFile; fileRef = E9783724165CCF500040AEF6 /* InfoPlist.strings */; };
		E9783728165CCF500040AEF6 /* main.m in Sources */ = {isa = PBXBuildFile; fileRef = E9783727165CCF500040AEF6 /* main.m */; };
		E978372C165CCF500040AEF6 /* AppDelegate.m in Sources */ = {isa = PBXBuildFile; fileRef = E978372B165CCF500040AEF6 /* AppDelegate.m */; };
		E978372E165CCF500040AEF6 /* Default.png in Resources */ = {isa = PBXBuildFile; fileRef = E978372D165CCF500040AEF6 /* Default.png */; };
		E9783730165CCF500040AEF6 /* Default@2x.png in Resources */ = {isa = PBXBuildFile; fileRef = E978372F165CCF500040AEF6 /* Default@2x.png */; };
		E9783732165CCF500040AEF6 /* Default-568h@2x.png in Resources */ = {isa = PBXBuildFile; fileRef = E9783731165CCF500040AEF6 /* Default-568h@2x.png */; };
		E9783735165CCF500040AEF6 /* ViewController.m in Sources */ = {isa = PBXBuildFile; fileRef = E9783734165CCF500040AEF6 /* ViewController.m */; };
		E9783738165CCF500040AEF6 /* ViewController.xib in Resources */ = {isa = PBXBuildFile; fileRef = E9783736165CCF500040AEF6 /* ViewController.xib */; };
/* End PBXBuildFile section */

/* Begin PBXFileReference section */
		E9783717165CCF4F0040AEF6 /* AnimateViewExample.app */ = {isa = PBXFileReference; explicitFileType = wrapper.application; includeInIndex = 0; path = AnimateViewExample.app; sourceTree = BUILT_PRODUCTS_DIR; };
		E978371B165CCF4F0040AEF6 /* UIKit.framework */ = {isa = PBXFileReference; lastKnownFileType = wrapper.framework; name = UIKit.framework; path = System/Library/Frameworks/UIKit.framework; sourceTree = SDKROOT; };
		E978371D165CCF500040AEF6 /* Foundation.framework */ = {isa = PBXFileReference; lastKnownFileType = wrapper.framework; name = Foundation.framework; path = System/Library/Frameworks/Foundation.framework; sourceTree = SDKROOT; };
		E978371F165CCF500040AEF6 /* CoreGraphics.framework */ = {isa = PBXFileReference; lastKnownFileType = wrapper.framework; name = CoreGraphics.framework; path = System/Library/Frameworks/CoreGraphics.framework; sourceTree = SDKROOT; };
		E9783723165CCF500040AEF6 /* AnimateViewExample-Info.plist */ = {isa = PBXFileReference; lastKnownFileType = text.plist.xml; path = "AnimateViewExample-Info.plist"; sourceTree = "<group>"; };
		E9783725165CCF500040AEF6 /* en */ = {isa = PBXFileReference; lastKnownFileType = text.plist.strings; name = en; path = en.lproj/InfoPlist.strings; sourceTree = "<group>"; };
		E9783727165CCF500040AEF6 /* main.m */ = {isa = PBXFileReference; lastKnownFileType = sourcecode.c.objc; path = main.m; sourceTree = "<group>"; };
		E9783729165CCF500040AEF6 /* AnimateViewExample-Prefix.pch */ = {isa = PBXFileReference; lastKnownFileType = sourcecode.c.h; path = "AnimateViewExample-Prefix.pch"; sourceTree = "<group>"; };
		E978372A165CCF500040AEF6 /* AppDelegate.h */ = {isa = PBXFileReference; lastKnownFileType = sourcecode.c.h; path = AppDelegate.h; sourceTree = "<group>"; };
		E978372B165CCF500040AEF6 /* AppDelegate.m */ = {isa = PBXFileReference; lastKnownFileType = sourcecode.c.objc; path = AppDelegate.m; sourceTree = "<group>"; };
		E978372D165CCF500040AEF6 /* Default.png */ = {isa = PBXFileReference; lastKnownFileType = image.png; path = Default.png; sourceTree = "<group>"; };
		E978372F165CCF500040AEF6 /* Default@2x.png */ = {isa = PBXFileReference; lastKnownFileType = image.png; path = "Default@2x.png"; sourceTree = "<group>"; };
		E9783731165CCF500040AEF6 /* Default-568h@2x.png */ = {isa = PBXFileReference; lastKnownFileType = image.png; path = "Default-568h@2x.png"; sourceTree = "<group>"; };
		E9783733165CCF500040AEF6 /* ViewController.h */ = {isa = PBXFileReference; lastKnownFileType = sourcecode.c.h; path = ViewController.h; sourceTree = "<group>"; };
		E9783734165CCF500040AEF6 /* ViewController.m */ = {isa = PBXFileReference; lastKnownFileType = sourcecode.c.objc; path = ViewController.m; sourceTree = "<group>"; };
		E9783737165CCF500040AEF6 /* en */ = {isa = PBXFileReference; lastKnownFileType = file.xib; name = en; path = en.lproj/ViewController.xib; sourceTree = "<group>"; };
/* End PBXFileReference section */

/* Begin PBXFrameworksBuildPhase section */
		E9783714165CCF4F0040AEF6 /* Frameworks */ = {
			isa = PBXFrameworksBuildPhase;
			buildActionMask = 2147483647;
			files = (
				E978371C165CCF500040AEF6 /* UIKit.framework in Frameworks */,
				E978371E165CCF500040AEF6 /* Foundation.framework in Frameworks */,
				E9783720165CCF500040AEF6 /* CoreGraphics.framework in Frameworks */,
			);
			runOnlyForDeploymentPostprocessing = 0;
		};
/* End PBXFrameworksBuildPhase section */

/* Begin PBXGroup section */
		E978370C165CCF4F0040AEF6 = {
			isa = PBXGroup;
			children = (
				E9783721165CCF500040AEF6 /* AnimateViewExample */,
				E978371A165CCF4F0040AEF6 /* Frameworks */,
				E9783718165CCF4F0040AEF6 /* Products */,
			);
			sourceTree = "<group>";
		};
		E9783718165CCF4F0040AEF6 /* Products */ = {
			isa = PBXGroup;
			children = (
				E9783717165CCF4F0040AEF6 /* AnimateViewExample.app */,
			);
			name = Products;
			sourceTree = "<group>";
		};
		E978371A165CCF4F0040AEF6 /* Frameworks */ = {
			isa = PBXGroup;
			children = (
				E978371B165CCF4F0040AEF6 /* UIKit.framework */,
				E978371D165CCF500040AEF6 /* Foundation.framework */,
				E978371F165CCF500040AEF6 /* CoreGraphics.framework */,
			);
			name = Frameworks;
			sourceTree = "<group>";
		};
		E9783721165CCF500040AEF6 /* AnimateViewExample */ = {
			isa = PBXGroup;
			children = (
				E978372A165CCF500040AEF6 /* AppDelegate.h */,
				E978372B165CCF500040AEF6 /* AppDelegate.m */,
				E9783733165CCF500040AEF6 /* ViewController.h */,
				E9783734165CCF500040AEF6 /* ViewController.m */,
				E9783736165CCF500040AEF6 /* ViewController.xib */,
				E9783722165CCF500040AEF6 /* Supporting Files */,
			);
			path = AnimateViewExample;
			sourceTree = "<group>";
		};
		E9783722165CCF500040AEF6 /* Supporting Files */ = {
			isa = PBXGroup;
			children = (
				E9783723165CCF500040AEF6 /* AnimateViewExample-Info.plist */,
				E9783724165CCF500040AEF6 /* InfoPlist.strings */,
				E9783727165CCF500040AEF6 /* main.m */,
				E9783729165CCF500040AEF6 /* AnimateViewExample-Prefix.pch */,
				E978372D165CCF500040AEF6 /* Default.png */,
				E978372F165CCF500040AEF6 /* Default@2x.png */,
				E9783731165CCF500040AEF6 /* Default-568h@2x.png */,
			);
			name = "Supporting Files";
			sourceTree = "<group>";
		};
/* End PBXGroup section */

/* Begin PBXNativeTarget section */
		E9783716165CCF4F0040AEF6 /* AnimateViewExample */ = {
			isa = PBXNativeTarget;
			buildConfigurationList = E978373B165CCF500040AEF6 /* Build configuration list for PBXNativeTarget "AnimateViewExample" */;
			buildPhases = (
				E9783713165CCF4F0040AEF6 /* Sources */,
				E9783714165CCF4F0040AEF6 /* Frameworks */,
				E9783715165CCF4F0040AEF6 /* Resources */,
			);
			buildRules = (
			);
			dependencies = (
			);
			name = AnimateViewExample;
			productName = AnimateViewExample;
			productReference = E9783717165CCF4F0040AEF6 /* AnimateViewExample.app */;
			productType = "com.apple.product-type.application";
		};
/* End PBXNativeTarget section */

/* Begin PBXProject section */
		E978370E165CCF4F0040AEF6 /* Project object */ = {
			isa = PBXProject;
			attributes = {
				LastUpgradeCheck = 0450;
				ORGANIZATIONNAME = "GenieSoft Studios";
			};
			buildConfigurationList = E9783711165CCF4F0040AEF6 /* Build configuration list for PBXProject "AnimateViewExample" */;
			compatibilityVersion = "Xcode 3.2";
			developmentRegion = English;
			hasScannedForEncodings = 0;
			knownRegions = (
				en,
			);
			mainGroup = E978370C165CCF4F0040AEF6;
			productRefGroup = E9783718165CCF4F0040AEF6 /* Products */;
			projectDirPath = "";
			projectRoot = "";
			targets = (
				E9783716165CCF4F0040AEF6 /* AnimateViewExample */,
			);
		};
/* End PBXProject section */

/* Begin PBXResourcesBuildPhase section */
		E9783715165CCF4F0040AEF6 /* Resources */ = {
			isa = PBXResourcesBuildPhase;
			buildActionMask = 2147483647;
			files = (
				E9783726165CCF500040AEF6 /* InfoPlist.strings in Resources */,
				E978372E165CCF500040AEF6 /* Default.png in Resources */,
				E9783730165CCF500040AEF6 /* Default@2x.png in Resources */,
				E9783732165CCF500040AEF6 /* Default-568h@2x.png in Resources */,
				E9783738165CCF500040AEF6 /* ViewController.xib in Resources */,
			);
			runOnlyForDeploymentPostprocessing = 0;
		};
/* End PBXResourcesBuildPhase section */

/* Begin PBXSourcesBuildPhase section */
		E9783713165CCF4F0040AEF6 /* Sources */ = {
			isa = PBXSourcesBuildPhase;
			buildActionMask = 2147483647;
			files = (
				E9783728165CCF500040AEF6 /* main.m in Sources */,
				E978372C165CCF500040AEF6 /* AppDelegate.m in Sources */,
				E9783735165CCF500040AEF6 /* ViewController.m in Sources */,
			);
			runOnlyForDeploymentPostprocessing = 0;
		};
/* End PBXSourcesBuildPhase section */

/* Begin PBXVariantGroup section */
		E9783724165CCF500040AEF6 /* InfoPlist.strings */ = {
			isa = PBXVariantGroup;
			children = (
				E9783725165CCF500040AEF6 /* en */,
			);
			name = InfoPlist.strings;
			sourceTree = "<group>";
		};
		E9783736165CCF500040AEF6 /* ViewController.xib */ = {
			isa = PBXVariantGroup;
			children = (
				E9783737165CCF500040AEF6 /* en */,
			);
			name = ViewController.xib;
			sourceTree = "<group>";
		};
/* End PBXVariantGroup section */

/* Begin XCBuildConfiguration section */
		E9783739165CCF500040AEF6 /* Debug */ = {
			isa = XCBuildConfiguration;
			buildSettings = {
				ALWAYS_SEARCH_USER_PATHS = NO;
				CLANG_CXX_LANGUAGE_STANDARD = "gnu++0x";
				CLANG_CXX_LIBRARY = "libc++";
				CLANG_ENABLE_OBJC_ARC = YES;
				CLANG_WARN_EMPTY_BODY = YES;
				CLANG_WARN__DUPLICATE_METHOD_MATCH = YES;
				"CODE_SIGN_IDENTITY[sdk=iphoneos*]" = "iPhone Developer";
				COPY_PHASE_STRIP = NO;
				GCC_C_LANGUAGE_STANDARD = gnu99;
				GCC_DYNAMIC_NO_PIC = NO;
				GCC_OPTIMIZATION_LEVEL = 0;
				GCC_PREPROCESSOR_DEFINITIONS = (
					"DEBUG=1",
					"$(inherited)",
				);
				GCC_SYMBOLS_PRIVATE_EXTERN = NO;
				GCC_WARN_ABOUT_RETURN_TYPE = YES;
				GCC_WARN_UNINITIALIZED_AUTOS = YES;
				GCC_WARN_UNUSED_VARIABLE = YES;
				IPHONEOS_DEPLOYMENT_TARGET = 6.0;
				ONLY_ACTIVE_ARCH = YES;
				SDKROOT = iphoneos;
			};
			name = Debug;
		};
		E978373A165CCF500040AEF6 /* Release */ = {
			isa = XCBuildConfiguration;
			buildSettings = {
				ALWAYS_SEARCH_USER_PATHS = NO;
				CLANG_CXX_LANGUAGE_STANDARD = "gnu++0x";
				CLANG_CXX_LIBRARY = "libc++";
				CLANG_ENABLE_OBJC_ARC = YES;
				CLANG_WARN_EMPTY_BODY = YES;
				CLANG_WARN__DUPLICATE_METHOD_MATCH = YES;
				"CODE_SIGN_IDENTITY[sdk=iphoneos*]" = "iPhone Developer";
				COPY_PHASE_STRIP = YES;
				GCC_C_LANGUAGE_STANDARD = gnu99;
				GCC_WARN_ABOUT_RETURN_TYPE = YES;
				GCC_WARN_UNINITIALIZED_AUTOS = YES;
				GCC_WARN_UNUSED_VARIABLE = YES;
				IPHONEOS_DEPLOYMENT_TARGET = 6.0;
				OTHER_CFLAGS = "-DNS_BLOCK_ASSERTIONS=1";
				SDKROOT = iphoneos;
				VALIDATE_PRODUCT = YES;
			};
			name = Release;
		};
		E978373C165CCF500040AEF6 /* Debug */ = {
			isa = XCBuildConfiguration;
			buildSettings = {
				GCC_PRECOMPILE_PREFIX_HEADER = YES;
				GCC_PREFIX_HEADER = "AnimateViewExample/AnimateViewExample-Prefix.pch";
				INFOPLIST_FILE = "AnimateViewExample/AnimateViewExample-Info.plist";
				PRODUCT_NAME = "$(TARGET_NAME)";
				WRAPPER_EXTENSION = app;
			};
			name = Debug;
		};
		E978373D165CCF500040AEF6 /* Release */ = {
			isa = XCBuildConfiguration;
			buildSettings = {
				GCC_PRECOMPILE_PREFIX_HEADER = YES;
				GCC_PREFIX_HEADER = "AnimateViewExample/AnimateViewExample-Prefix.pch";
				INFOPLIST_FILE = "AnimateViewExample/AnimateViewExample-Info.plist";
				PRODUCT_NAME = "$(TARGET_NAME)";
				WRAPPER_EXTENSION = app;
			};
			name = Release;
		};
/* End XCBuildConfiguration section */

/* Begin XCConfigurationList section */
		E9783711165CCF4F0040AEF6 /* Build configuration list for PBXProject "AnimateViewExample" */ = {
			isa = XCConfigurationList;
			buildConfigurations = (
				E9783739165CCF500040AEF6 /* Debug */,
				E978373A165CCF500040AEF6 /* Release */,
			);
			defaultConfigurationIsVisible = 0;
			defaultConfigurationName = Release;
		};
		E978373B165CCF500040AEF6 /* Build configuration list for PBXNativeTarget "AnimateViewExample" */ = {
			isa = XCConfigurationList;
			buildConfigurations = (
				E978373C165CCF500040AEF6 /* Debug */,
				E978373D165CCF500040AEF6 /* Release */,
			);
			defaultConfigurationIsVisible = 0;
		};
/* End XCConfigurationList section */
	};
	rootObject = E978370E165CCF4F0040AEF6 /* Project object */;
}
